
Microsoft Visual Studio Solution File, Format Version 12.00
# Visual Studio Version 17
VisualStudioVersion = 17.14.36327.8 d17.14
MinimumVisualStudioVersion = 10.0.40219.1
Project("{FAE04EC0-301F-11D3-BF4B-00C04F79EFBC}") = "BornOtomasyon.API", "BornOtomasyon.API\BornOtomasyon.API.csproj", "{DAEFEE0B-EC2F-4178-BCC5-1C67BA28C68A}"
EndProject
Global
	GlobalSection(SolutionConfigurationPlatforms) = preSolution
		Debug|Any CPU = Debug|Any CPU
		Release|Any CPU = Release|Any CPU
	EndGlobalSection
	GlobalSection(ProjectConfigurationPlatforms) = postSolution
		{DAEFEE0B-EC2F-4178-BCC5-1C67BA28C68A}.Debug|Any CPU.ActiveCfg = Debug|Any CPU
		{DAEFEE0B-EC2F-4178-BCC5-1C67BA28C68A}.Debug|Any CPU.Build.0 = Debug|Any CPU
		{DAEFEE0B-EC2F-4178-BCC5-1C67BA28C68A}.Release|Any CPU.ActiveCfg = Release|Any CPU
		{DAEFEE0B-EC2F-4178-BCC5-1C67BA28C68A}.Release|Any CPU.Build.0 = Release|Any CPU
	EndGlobalSection
	GlobalSection(SolutionProperties) = preSolution
		HideSolutionNode = FALSE
	EndGlobalSection
	GlobalSection(ExtensibilityGlobals) = postSolution
		SolutionGuid = {94DE047B-42BA-4887-8EF0-7B7CBA2BFAF7}
	EndGlobalSection
EndGlobal
